github.com/locktivity/epack v0.2.1 h1:LhZJB2o4zoPvrh9T8XnvpX0z3yHXVo7VqeCYlugxmJg=
github.com/locktivity/epack v0.2.1/go.mod h1:tX2qgeVUczsKmE6jGyauJ0VGXUZ8CHZBkrrWHj6KKOo=
golang.org/x/sys v0.46.0 h1:noSf2Fq6F8DBgS+LysIkx7rIExoNHJsxOAtPp4rthXw=
golang.org/x/sys v0.46.0/go.mod h1:4GL1E5IUh+htKOUEOaiffhrAeqysfVGipDYzABqnCmw=
